github.com/google/shlex v0.0.0-20191202100458-e7afc7fbc510 h1:El6M4kTTCOh6aBiKaUGG7oYTSPP8MxqL4YI3kZKwcP4=
github.com/google/shlex v0.0.0-20191202100458-e7afc7fbc510/go.mod h1:pupxD2MaaD3pAXIBCelhxNneeOaAeabZDe5s4K6zSpQ=
github.com/google/uuid v1.3.1 h1:KjJaJ9iWZ3jOFZIf1Lqf4laDRCasjl0BCmnEGxkdLb4=
github.com/google/uuid v1.3.1/go.mod h1:TIyPZe4MgqvfeYDBFedMoGGpEw/LqOeaOT+nhxU+yHo=
github.com/tychoish/fun v0.12.0 h1:YxYyCTfKL+3Q4wtcPFZsRVOWF12llUCbqkkK53MdwNs=
github.com/tychoish/fun v0.12.0/go.mod h1:ghjR/9EyWh8h8oBg2+WJhsEcF/W4JXMWpo6btMRNusE=
github.com/tychoish/godmenu v0.1.2 h1:TGLV5NPL8JcJyaG0LXZKmARLkPed7XYzfyLPR3jibC4=
github.com/tychoish/godmenu v0.1.2/go.mod h1:qSzN1kkHVRKFNsqr2kLe4pSOzBCtfJrryGVEWum1iac=
github.com/tychoish/godmenu v0.1.3-0.20250702210058-8c9f0e1d9116 h1:vOMD+5zFXlaidSIC6/OzCNtKKXeSRKlZBkborOWP9nM=
github.com/tychoish/godmenu v0.1.3-0.20250702210058-8c9f0e1d9116/go.mod h1:qSzN1kkHVRKFNsqr2kLe4pSOzBCtfJrryGVEWum1iac=
github.com/tychoish/godmenu v0.1.3-0.20250703170132-0655774aa056 h1:s2avon0QZ1Vz0KUgX5pIiz6gYbKrEPQpQq8tUjJGtWs=
github.com/tychoish/godmenu v0.1.3-0.20250703170132-0655774aa056/go.mod h1:bCUugCMHgbIN/vAGtFaqtjCzyNRrcTGc4or9jG4Erh4=
github.com/tychoish/godmenu v0.2.0 h1:JJe9V9RvdNjKqAa4h5Syhw5lcehB5usabuxmXaihWJs=
github.com/tychoish/godmenu v0.2.0/go.mod h1:bCUugCMHgbIN/vAGtFaqtjCzyNRrcTGc4or9jG4Erh4=
github.com/tychoish/grip v0.4.0 h1:5WL5H4raAqj+1eG0p7JsXABvqElPuE3+0G95V0MmrPQ=
github.com/tychoish/grip v0.4.0/go.mod h1:/0IsKegfHVZ4R2E+3iOB2yarhLh4XL3yyhO2Brv98LA=
github.com/tychoish/jasper v0.1.3-0.20250712191228-9a0a31d519ad h1:npP54qYkI+4NOTjdC/4Ll8ncn2leBs2KY6T8V5smUUk=
github.com/tychoish/jasper v0.1.3-0.20250712191228-9a0a31d519ad/go.mod h1:M1CKKPfYqLa4jleVLY3jZzyLxw5spBWod08zSzsxV/8=
