github.com/google/shlex v0.0.0-20191202100458-e7afc7fbc510 h1:El6M4kTTCOh6aBiKaUGG7oYTSPP8MxqL4YI3kZKwcP4=
github.com/google/shlex v0.0.0-20191202100458-e7afc7fbc510/go.mod h1:pupxD2MaaD3pAXIBCelhxNneeOaAeabZDe5s4K6zSpQ=
github.com/google/uuid v1.6.0 h1:NIvaJDMOsjHA8n1jAhLSgzrAzy1Hgr+hNrb57e+94F0=
github.com/google/uuid v1.6.0/go.mod h1:TIyPZe4MgqvfeYDBFedMoGGpEw/LqOeaOT+nhxU+yHo=
github.com/tychoish/fun v0.14.5 h1:cXfyEBl6i4nShmXAa1vNUjMJDAKzjuXSnQ4QCVYevCA=
github.com/tychoish/fun v0.14.5/go.mod h1:ghjR/9EyWh8h8oBg2+WJhsEcF/W4JXMWpo6btMRNusE=
github.com/tychoish/godmenu v0.2.0 h1:JJe9V9RvdNjKqAa4h5Syhw5lcehB5usabuxmXaihWJs=
github.com/tychoish/godmenu v0.2.0/go.mod h1:bCUugCMHgbIN/vAGtFaqtjCzyNRrcTGc4or9jG4Erh4=
github.com/tychoish/grip v0.4.7 h1:7t8fYD00xfw+2DVMUdh9bbuA9UZyqbURW+sExu5NF0M=
github.com/tychoish/grip v0.4.7/go.mod h1:IWoJE/PVFaez0vQdOj04SDPG+fNB9u1ONw9DL3Y76rk=
github.com/tychoish/jasper v0.1.4 h1:8/QtShBmjfc19V1zzmMWJGhoJ2WvuvOTuHXbcv8vP/U=
github.com/tychoish/jasper v0.1.4/go.mod h1:Yg99wn/aw8Fm6LmAYYlNgbum6LH/gLZVYjTGHw9eMJk=
