github.com/google/shlex v0.0.0-20191202100458-e7afc7fbc510 h1:El6M4kTTCOh6aBiKaUGG7oYTSPP8MxqL4YI3kZKwcP4=
github.com/google/shlex v0.0.0-20191202100458-e7afc7fbc510/go.mod h1:pupxD2MaaD3pAXIBCelhxNneeOaAeabZDe5s4K6zSpQ=
github.com/google/uuid v1.6.0 h1:NIvaJDMOsjHA8n1jAhLSgzrAzy1Hgr+hNrb57e+94F0=
github.com/google/uuid v1.6.0/go.mod h1:TIyPZe4MgqvfeYDBFedMoGGpEw/LqOeaOT+nhxU+yHo=
github.com/tychoish/fun v0.14.2 h1:2ZNRAnOWi5nymBDNiOPD12LuvEKhPdiMSWC85pw6fzQ=
github.com/tychoish/fun v0.14.2/go.mod h1:ghjR/9EyWh8h8oBg2+WJhsEcF/W4JXMWpo6btMRNusE=
github.com/tychoish/godmenu v0.2.0 h1:JJe9V9RvdNjKqAa4h5Syhw5lcehB5usabuxmXaihWJs=
github.com/tychoish/godmenu v0.2.0/go.mod h1:bCUugCMHgbIN/vAGtFaqtjCzyNRrcTGc4or9jG4Erh4=
github.com/tychoish/grip v0.4.4 h1:rhNwCDC9n3wl9gFeCwvSnhzvvyJDOZkeFMcw4fmUV3U=
github.com/tychoish/grip v0.4.4/go.mod h1:rsQaL/y3avHi8G8UHhTDGwttebcm/eDD7+MYdxrCQv8=
github.com/tychoish/jasper v0.1.4-0.20260108191640-545b863110d2 h1:zs2OlhwqjEjolIxGSbOhh7zWGvIoJ/J1fEY2RaGorwM=
github.com/tychoish/jasper v0.1.4-0.20260108191640-545b863110d2/go.mod h1:D68v5CDv7zuKHK54J37ZmcUkbvHcS7m8JN7WhQgiEak=
github.com/tychoish/jasper v0.1.4-0.20260114030435-d0928e48c478 h1:PDF9A1B3gN0CxwoPnDTKkrAQFCzgJE0N3Z/6bc9z7G4=
github.com/tychoish/jasper v0.1.4-0.20260114030435-d0928e48c478/go.mod h1:T+gaFvoFOVYoh5SGg2Tlxwc+GZtwya2Med1B3r9TIsQ=
github.com/tychoish/jasper v0.1.4-0.20260118211229-5e2702b5c77b h1:qeYa8GuaddBd8/XrDzIaGbPxm4JJNpgPrbD6Wkwsvdg=
github.com/tychoish/jasper v0.1.4-0.20260118211229-5e2702b5c77b/go.mod h1:IrVPW8V4LbbMNMfG5/pzN4AZaJa8+DWY1MXJUlOqUrw=
